
Microsoft Visual Studio Solution File, Format Version 12.00
# Visual Studio Version 17
VisualStudioVersion = 17.2.32616.157
MinimumVisualStudioVersion = 10.0.40219.1
Project("{9A19103F-16F7-4668-BE54-9A1E7A4F7556}") = "StringArt", "StringArt\StringArt.csproj", "{2A31E49F-24A3-49B1-BB1D-9EAB31DA488F}"
EndProject
Project("{FAE04EC0-301F-11D3-BF4B-00C04F79EFBC}") = "StringArt.Test", "StringArt.Test\StringArt.Test.csproj", "{21D5745D-D83D-428F-8284-2A58603EFAA8}"
EndProject
Global
	GlobalSection(SolutionConfigurationPlatforms) = preSolution
		Debug|Any CPU = Debug|Any CPU
		Release|Any CPU = Release|Any CPU
	EndGlobalSection
	GlobalSection(ProjectConfigurationPlatforms) = postSolution
		{2A31E49F-24A3-49B1-BB1D-9EAB31DA488F}.Debug|Any CPU.ActiveCfg = Debug|Any CPU
		{2A31E49F-24A3-49B1-BB1D-9EAB31DA488F}.Debug|Any CPU.Build.0 = Debug|Any CPU
		{2A31E49F-24A3-49B1-BB1D-9EAB31DA488F}.Release|Any CPU.ActiveCfg = Release|Any CPU
		{2A31E49F-24A3-49B1-BB1D-9EAB31DA488F}.Release|Any CPU.Build.0 = Release|Any CPU
		{21D5745D-D83D-428F-8284-2A58603EFAA8}.Debug|Any CPU.ActiveCfg = Debug|Any CPU
		{21D5745D-D83D-428F-8284-2A58603EFAA8}.Debug|Any CPU.Build.0 = Debug|Any CPU
		{21D5745D-D83D-428F-8284-2A58603EFAA8}.Release|Any CPU.ActiveCfg = Release|Any CPU
		{21D5745D-D83D-428F-8284-2A58603EFAA8}.Release|Any CPU.Build.0 = Release|Any CPU
	EndGlobalSection
	GlobalSection(SolutionProperties) = preSolution
		HideSolutionNode = FALSE
	EndGlobalSection
	GlobalSection(ExtensibilityGlobals) = postSolution
		SolutionGuid = {17739736-4921-415B-B9DB-8B5CDECA62B5}
	EndGlobalSection
EndGlobal
